
Microsoft Visual Studio Solution File, Format Version 12.00
# Visual Studio Version 16
VisualStudioVersion = 16.0.31402.337
MinimumVisualStudioVersion = 10.0.40219.1
Project("{2150E333-8FDC-42A3-9474-1A3956D46DE8}") = "Challenge1", "Challenge1", "{5049FC90-A82D-40BA-B1EA-64859463EABB}"
EndProject
Project("{2150E333-8FDC-42A3-9474-1A3956D46DE8}") = "Challenge2", "Challenge2", "{67AFF54A-B69E-46F4-87ED-B3160943E1BF}"
EndProject
Project("{2150E333-8FDC-42A3-9474-1A3956D46DE8}") = "Challenge3", "Challenge3", "{2635C864-4EB8-4BA7-AAAD-27044B3BA25E}"
EndProject
Project("{FAE04EC0-301F-11D3-BF4B-00C04F79EFBC}") = "MenuItemRepository", "MenuItemRepository\MenuItemRepository.csproj", "{661124B4-EA23-4F05-A303-ACC1264CD56D}"
EndProject
Project("{FAE04EC0-301F-11D3-BF4B-00C04F79EFBC}") = "MenuItemPOCO", "MenuItemPOCO\MenuItemPOCO.csproj", "{7EC56AD4-95FB-4537-909B-D1A595238551}"
EndProject
Project("{FAE04EC0-301F-11D3-BF4B-00C04F79EFBC}") = "UnitTestCafeMethods", "UnitTestCafeMethods\UnitTestCafeMethods.csproj", "{A60C74EB-D118-4DCA-A318-6A713B375D65}"
EndProject
Project("{FAE04EC0-301F-11D3-BF4B-00C04F79EFBC}") = "ClaimDeptConsole", "KomodoClaimDept\ClaimDeptConsole.csproj", "{98FB07F2-3757-4701-869C-FE613A0955B4}"
EndProject
Project("{FAE04EC0-301F-11D3-BF4B-00C04F79EFBC}") = "ClaimsDepRepository", "ClaimsDepRepository\ClaimsDepRepository.csproj", "{884CA79A-4868-4A1C-8CF4-0B70AE5229EF}"
EndProject
Project("{FAE04EC0-301F-11D3-BF4B-00C04F79EFBC}") = "ClaimDeptPOCO", "ClaimDeptPOCO\ClaimDeptPOCO.csproj", "{2DD00113-AB0B-4BE9-B724-885026BFC8CC}"
EndProject
Project("{FAE04EC0-301F-11D3-BF4B-00C04F79EFBC}") = "BadgesConsole", "BadgesConsole\BadgesConsole.csproj", "{8D92DC0D-4A1B-456A-86B1-1EB46C52EDF0}"
EndProject
Project("{FAE04EC0-301F-11D3-BF4B-00C04F79EFBC}") = "BadgesRepositiroy", "BadgesRepositiroy\BadgesRepositiroy.csproj", "{DFC14F40-7938-49C0-8CE9-BB481E88E82A}"
EndProject
Project("{FAE04EC0-301F-11D3-BF4B-00C04F79EFBC}") = "BadgesPOCO", "BadgesPOCO\BadgesPOCO.csproj", "{0A1CACD9-8C93-462F-806E-64569F9087A9}"
EndProject
Project("{FAE04EC0-301F-11D3-BF4B-00C04F79EFBC}") = "UnitTestBadgesMethods", "UnitTestBadgesMethods\UnitTestBadgesMethods.csproj", "{58398157-6AF8-49EB-94B7-FA000B42451D}"
EndProject
Project("{FAE04EC0-301F-11D3-BF4B-00C04F79EFBC}") = "CafeConsole2a", "CafeConsole2a\CafeConsole2a.csproj", "{47251478-7A50-4963-A00A-CCA5B99FB5BF}"
EndProject
Project("{FAE04EC0-301F-11D3-BF4B-00C04F79EFBC}") = "UnitTestClaimDepMethod", "UnitTestClaimDepMethod\UnitTestClaimDepMethod.csproj", "{0C12E251-5804-456A-8E59-6BCAB257CE82}"
EndProject
Global
	GlobalSection(SolutionConfigurationPlatforms) = preSolution
		Debug|Any CPU = Debug|Any CPU
		Release|Any CPU = Release|Any CPU
	EndGlobalSection
	GlobalSection(ProjectConfigurationPlatforms) = postSolution
		{661124B4-EA23-4F05-A303-ACC1264CD56D}.Debug|Any CPU.ActiveCfg = Debug|Any CPU
		{661124B4-EA23-4F05-A303-ACC1264CD56D}.Debug|Any CPU.Build.0 = Debug|Any CPU
		{661124B4-EA23-4F05-A303-ACC1264CD56D}.Release|Any CPU.ActiveCfg = Release|Any CPU
		{661124B4-EA23-4F05-A303-ACC1264CD56D}.Release|Any CPU.Build.0 = Release|Any CPU
		{7EC56AD4-95FB-4537-909B-D1A595238551}.Debug|Any CPU.ActiveCfg = Debug|Any CPU
		{7EC56AD4-95FB-4537-909B-D1A595238551}.Debug|Any CPU.Build.0 = Debug|Any CPU
		{7EC56AD4-95FB-4537-909B-D1A595238551}.Release|Any CPU.ActiveCfg = Release|Any CPU
		{7EC56AD4-95FB-4537-909B-D1A595238551}.Release|Any CPU.Build.0 = Release|Any CPU
		{A60C74EB-D118-4DCA-A318-6A713B375D65}.Debug|Any CPU.ActiveCfg = Debug|Any CPU
		{A60C74EB-D118-4DCA-A318-6A713B375D65}.Debug|Any CPU.Build.0 = Debug|Any CPU
		{A60C74EB-D118-4DCA-A318-6A713B375D65}.Release|Any CPU.ActiveCfg = Release|Any CPU
		{A60C74EB-D118-4DCA-A318-6A713B375D65}.Release|Any CPU.Build.0 = Release|Any CPU
		{98FB07F2-3757-4701-869C-FE613A0955B4}.Debug|Any CPU.ActiveCfg = Debug|Any CPU
		{98FB07F2-3757-4701-869C-FE613A0955B4}.Debug|Any CPU.Build.0 = Debug|Any CPU
		{98FB07F2-3757-4701-869C-FE613A0955B4}.Release|Any CPU.ActiveCfg = Release|Any CPU
		{98FB07F2-3757-4701-869C-FE613A0955B4}.Release|Any CPU.Build.0 = Release|Any CPU
		{884CA79A-4868-4A1C-8CF4-0B70AE5229EF}.Debug|Any CPU.ActiveCfg = Debug|Any CPU
		{884CA79A-4868-4A1C-8CF4-0B70AE5229EF}.Debug|Any CPU.Build.0 = Debug|Any CPU
		{884CA79A-4868-4A1C-8CF4-0B70AE5229EF}.Release|Any CPU.ActiveCfg = Release|Any CPU
		{884CA79A-4868-4A1C-8CF4-0B70AE5229EF}.Release|Any CPU.Build.0 = Release|Any CPU
		{2DD00113-AB0B-4BE9-B724-885026BFC8CC}.Debug|Any CPU.ActiveCfg = Debug|Any CPU
		{2DD00113-AB0B-4BE9-B724-885026BFC8CC}.Debug|Any CPU.Build.0 = Debug|Any CPU
		{2DD00113-AB0B-4BE9-B724-885026BFC8CC}.Release|Any CPU.ActiveCfg = Release|Any CPU
		{2DD00113-AB0B-4BE9-B724-885026BFC8CC}.Release|Any CPU.Build.0 = Release|Any CPU
		{8D92DC0D-4A1B-456A-86B1-1EB46C52EDF0}.Debug|Any CPU.ActiveCfg = Debug|Any CPU
		{8D92DC0D-4A1B-456A-86B1-1EB46C52EDF0}.Debug|Any CPU.Build.0 = Debug|Any CPU
		{8D92DC0D-4A1B-456A-86B1-1EB46C52EDF0}.Release|Any CPU.ActiveCfg = Release|Any CPU
		{8D92DC0D-4A1B-456A-86B1-1EB46C52EDF0}.Release|Any CPU.Build.0 = Release|Any CPU
		{DFC14F40-7938-49C0-8CE9-BB481E88E82A}.Debug|Any CPU.ActiveCfg = Debug|Any CPU
		{DFC14F40-7938-49C0-8CE9-BB481E88E82A}.Debug|Any CPU.Build.0 = Debug|Any CPU
		{DFC14F40-7938-49C0-8CE9-BB481E88E82A}.Release|Any CPU.ActiveCfg = Release|Any CPU
		{DFC14F40-7938-49C0-8CE9-BB481E88E82A}.Release|Any CPU.Build.0 = Release|Any CPU
		{0A1CACD9-8C93-462F-806E-64569F9087A9}.Debug|Any CPU.ActiveCfg = Debug|Any CPU
		{0A1CACD9-8C93-462F-806E-64569F9087A9}.Debug|Any CPU.Build.0 = Debug|Any CPU
		{0A1CACD9-8C93-462F-806E-64569F9087A9}.Release|Any CPU.ActiveCfg = Release|Any CPU
		{0A1CACD9-8C93-462F-806E-64569F9087A9}.Release|Any CPU.Build.0 = Release|Any CPU
		{58398157-6AF8-49EB-94B7-FA000B42451D}.Debug|Any CPU.ActiveCfg = Debug|Any CPU
		{58398157-6AF8-49EB-94B7-FA000B42451D}.Debug|Any CPU.Build.0 = Debug|Any CPU
		{58398157-6AF8-49EB-94B7-FA000B42451D}.Release|Any CPU.ActiveCfg = Release|Any CPU
		{58398157-6AF8-49EB-94B7-FA000B42451D}.Release|Any CPU.Build.0 = Release|Any CPU
		{47251478-7A50-4963-A00A-CCA5B99FB5BF}.Debug|Any CPU.ActiveCfg = Debug|Any CPU
		{47251478-7A50-4963-A00A-CCA5B99FB5BF}.Debug|Any CPU.Build.0 = Debug|Any CPU
		{47251478-7A50-4963-A00A-CCA5B99FB5BF}.Release|Any CPU.ActiveCfg = Release|Any CPU
		{47251478-7A50-4963-A00A-CCA5B99FB5BF}.Release|Any CPU.Build.0 = Release|Any CPU
		{0C12E251-5804-456A-8E59-6BCAB257CE82}.Debug|Any CPU.ActiveCfg = Debug|Any CPU
		{0C12E251-5804-456A-8E59-6BCAB257CE82}.Debug|Any CPU.Build.0 = Debug|Any CPU
		{0C12E251-5804-456A-8E59-6BCAB257CE82}.Release|Any CPU.ActiveCfg = Release|Any CPU
		{0C12E251-5804-456A-8E59-6BCAB257CE82}.Release|Any CPU.Build.0 = Release|Any CPU
	EndGlobalSection
	GlobalSection(SolutionProperties) = preSolution
		HideSolutionNode = FALSE
	EndGlobalSection
	GlobalSection(NestedProjects) = preSolution
		{661124B4-EA23-4F05-A303-ACC1264CD56D} = {5049FC90-A82D-40BA-B1EA-64859463EABB}
		{7EC56AD4-95FB-4537-909B-D1A595238551} = {5049FC90-A82D-40BA-B1EA-64859463EABB}
		{A60C74EB-D118-4DCA-A318-6A713B375D65} = {5049FC90-A82D-40BA-B1EA-64859463EABB}
		{98FB07F2-3757-4701-869C-FE613A0955B4} = {67AFF54A-B69E-46F4-87ED-B3160943E1BF}
		{884CA79A-4868-4A1C-8CF4-0B70AE5229EF} = {67AFF54A-B69E-46F4-87ED-B3160943E1BF}
		{2DD00113-AB0B-4BE9-B724-885026BFC8CC} = {67AFF54A-B69E-46F4-87ED-B3160943E1BF}
		{8D92DC0D-4A1B-456A-86B1-1EB46C52EDF0} = {2635C864-4EB8-4BA7-AAAD-27044B3BA25E}
		{DFC14F40-7938-49C0-8CE9-BB481E88E82A} = {2635C864-4EB8-4BA7-AAAD-27044B3BA25E}
		{0A1CACD9-8C93-462F-806E-64569F9087A9} = {2635C864-4EB8-4BA7-AAAD-27044B3BA25E}
		{58398157-6AF8-49EB-94B7-FA000B42451D} = {2635C864-4EB8-4BA7-AAAD-27044B3BA25E}
		{47251478-7A50-4963-A00A-CCA5B99FB5BF} = {5049FC90-A82D-40BA-B1EA-64859463EABB}
		{0C12E251-5804-456A-8E59-6BCAB257CE82} = {67AFF54A-B69E-46F4-87ED-B3160943E1BF}
	EndGlobalSection
	GlobalSection(ExtensibilityGlobals) = postSolution
		SolutionGuid = {11CA9EED-9355-4C88-9F41-654C3F944EA9}
	EndGlobalSection
EndGlobal
